
Microsoft Visual Studio Solution File, Format Version 12.00
# Visual Studio Version 17
VisualStudioVersion = 17.3.32922.545
MinimumVisualStudioVersion = 10.0.40219.1
Project("{9A19103F-16F7-4668-BE54-9A1E7A4F7556}") = "GameAboutBattlesOfArmies.CMD", "GameAboutBattlesOfArmies\GameAboutBattlesOfArmies.CMD.csproj", "{8B5E993D-81ED-410C-BF7A-7DA6309D96BE}"
EndProject
Project("{9A19103F-16F7-4668-BE54-9A1E7A4F7556}") = "GameAboutBattlesOfArmies.BL", "GameAboutBattlesOfArmies.BL\GameAboutBattlesOfArmies.BL.csproj", "{6705060D-519E-4FC0-8BAB-8A283EF537F2}"
EndProject
Project("{9A19103F-16F7-4668-BE54-9A1E7A4F7556}") = "GameAboutBattlesOfArmies.Web", "GameAboutBattlesOfArmies.Web\GameAboutBattlesOfArmies.Web.csproj", "{400FDDB2-03E4-4A22-A60F-1FE13A2369E0}"
EndProject
Project("{FAE04EC0-301F-11D3-BF4B-00C04F79EFBC}") = "GameAboutBattlesOfArmies.Settings", "GameAboutBattlesOfArmies.Settings\GameAboutBattlesOfArmies.Settings.csproj", "{7F8FD469-90C2-4AFE-B8E0-41A1325BA6DB}"
EndProject
Global
	GlobalSection(SolutionConfigurationPlatforms) = preSolution
		Debug|Any CPU = Debug|Any CPU
		Release|Any CPU = Release|Any CPU
	EndGlobalSection
	GlobalSection(ProjectConfigurationPlatforms) = postSolution
		{8B5E993D-81ED-410C-BF7A-7DA6309D96BE}.Debug|Any CPU.ActiveCfg = Debug|Any CPU
		{8B5E993D-81ED-410C-BF7A-7DA6309D96BE}.Debug|Any CPU.Build.0 = Debug|Any CPU
		{8B5E993D-81ED-410C-BF7A-7DA6309D96BE}.Release|Any CPU.ActiveCfg = Release|Any CPU
		{8B5E993D-81ED-410C-BF7A-7DA6309D96BE}.Release|Any CPU.Build.0 = Release|Any CPU
		{6705060D-519E-4FC0-8BAB-8A283EF537F2}.Debug|Any CPU.ActiveCfg = Debug|Any CPU
		{6705060D-519E-4FC0-8BAB-8A283EF537F2}.Debug|Any CPU.Build.0 = Debug|Any CPU
		{6705060D-519E-4FC0-8BAB-8A283EF537F2}.Release|Any CPU.ActiveCfg = Release|Any CPU
		{6705060D-519E-4FC0-8BAB-8A283EF537F2}.Release|Any CPU.Build.0 = Release|Any CPU
		{400FDDB2-03E4-4A22-A60F-1FE13A2369E0}.Debug|Any CPU.ActiveCfg = Debug|Any CPU
		{400FDDB2-03E4-4A22-A60F-1FE13A2369E0}.Debug|Any CPU.Build.0 = Debug|Any CPU
		{400FDDB2-03E4-4A22-A60F-1FE13A2369E0}.Release|Any CPU.ActiveCfg = Release|Any CPU
		{400FDDB2-03E4-4A22-A60F-1FE13A2369E0}.Release|Any CPU.Build.0 = Release|Any CPU
		{7F8FD469-90C2-4AFE-B8E0-41A1325BA6DB}.Debug|Any CPU.ActiveCfg = Debug|Any CPU
		{7F8FD469-90C2-4AFE-B8E0-41A1325BA6DB}.Debug|Any CPU.Build.0 = Debug|Any CPU
		{7F8FD469-90C2-4AFE-B8E0-41A1325BA6DB}.Release|Any CPU.ActiveCfg = Release|Any CPU
		{7F8FD469-90C2-4AFE-B8E0-41A1325BA6DB}.Release|Any CPU.Build.0 = Release|Any CPU
	EndGlobalSection
	GlobalSection(SolutionProperties) = preSolution
		HideSolutionNode = FALSE
	EndGlobalSection
	GlobalSection(ExtensibilityGlobals) = postSolution
		SolutionGuid = {5836932F-5DA0-4296-B967-C8C7BA1D7073}
	EndGlobalSection
EndGlobal
